// !$*UTF8*$!
{
	archiveVersion = 1;
	classes = {
	};
	objectVersion = 56;
	objects = {

/* Begin PBXBuildFile section */
		BB0660E82A825BEA0099672B /* APICaller.swift in Sources */ = {isa = PBXBuildFile; fileRef = BB0660E72A825BEA0099672B /* APICaller.swift */; };
		BB0660EA2A8273B40099672B /* DetailViewController.swift in Sources */ = {isa = PBXBuildFile; fileRef = BB0660E92A8273B40099672B /* DetailViewController.swift */; };
		BB28CFC92A82582800F221CB /* AppDelegate.swift in Sources */ = {isa = PBXBuildFile; fileRef = BB28CFC82A82582800F221CB /* AppDelegate.swift */; };
		BB28CFCB2A82582800F221CB /* SceneDelegate.swift in Sources */ = {isa = PBXBuildFile; fileRef = BB28CFCA2A82582800F221CB /* SceneDelegate.swift */; };
		BB28CFCD2A82582800F221CB /* MainTabBarViewController.swift in Sources */ = {isa = PBXBuildFile; fileRef = BB28CFCC2A82582800F221CB /* MainTabBarViewController.swift */; };
		BB28CFD22A82582900F221CB /* Assets.xcassets in Resources */ = {isa = PBXBuildFile; fileRef = BB28CFD12A82582900F221CB /* Assets.xcassets */; };
		BB28CFD52A82582900F221CB /* LaunchScreen.storyboard in Resources */ = {isa = PBXBuildFile; fileRef = BB28CFD32A82582900F221CB /* LaunchScreen.storyboard */; };
		BB316B162A82592E00D8852B /* TopViewController.swift in Sources */ = {isa = PBXBuildFile; fileRef = BB316B152A82592E00D8852B /* TopViewController.swift */; };
		BB316B182A82593800D8852B /* AskViewController.swift in Sources */ = {isa = PBXBuildFile; fileRef = BB316B172A82593800D8852B /* AskViewController.swift */; };
		BB316B1E2A825BA500D8852B /* Story.swift in Sources */ = {isa = PBXBuildFile; fileRef = BB316B1D2A825BA500D8852B /* Story.swift */; };
/* End PBXBuildFile section */

/* Begin PBXFileReference section */
		BB0660E72A825BEA0099672B /* APICaller.swift */ = {isa = PBXFileReference; lastKnownFileType = sourcecode.swift; path = APICaller.swift; sourceTree = "<group>"; };
		BB0660E92A8273B40099672B /* DetailViewController.swift */ = {isa = PBXFileReference; lastKnownFileType = sourcecode.swift; path = DetailViewController.swift; sourceTree = "<group>"; };
		BB28CFC52A82582800F221CB /* InifiniteScroll.app */ = {isa = PBXFileReference; explicitFileType = wrapper.application; includeInIndex = 0; path = InifiniteScroll.app; sourceTree = BUILT_PRODUCTS_DIR; };
		BB28CFC82A82582800F221CB /* AppDelegate.swift */ = {isa = PBXFileReference; lastKnownFileType = sourcecode.swift; path = AppDelegate.swift; sourceTree = "<group>"; };
		BB28CFCA2A82582800F221CB /* SceneDelegate.swift */ = {isa = PBXFileReference; lastKnownFileType = sourcecode.swift; path = SceneDelegate.swift; sourceTree = "<group>"; };
		BB28CFCC2A82582800F221CB /* MainTabBarViewController.swift */ = {isa = PBXFileReference; lastKnownFileType = sourcecode.swift; path = MainTabBarViewController.swift; sourceTree = "<group>"; };
		BB28CFD12A82582900F221CB /* Assets.xcassets */ = {isa = PBXFileReference; lastKnownFileType = folder.assetcatalog; path = Assets.xcassets; sourceTree = "<group>"; };
		BB28CFD42A82582900F221CB /* Base */ = {isa = PBXFileReference; lastKnownFileType = file.storyboard; name = Base; path = Base.lproj/LaunchScreen.storyboard; sourceTree = "<group>"; };
		BB28CFD62A82582900F221CB /* Info.plist */ = {isa = PBXFileReference; lastKnownFileType = text.plist.xml; path = Info.plist; sourceTree = "<group>"; };
		BB316B152A82592E00D8852B /* TopViewController.swift */ = {isa = PBXFileReference; lastKnownFileType = sourcecode.swift; path = TopViewController.swift; sourceTree = "<group>"; };
		BB316B172A82593800D8852B /* AskViewController.swift */ = {isa = PBXFileReference; lastKnownFileType = sourcecode.swift; path = AskViewController.swift; sourceTree = "<group>"; };
		BB316B1D2A825BA500D8852B /* Story.swift */ = {isa = PBXFileReference; lastKnownFileType = sourcecode.swift; path = Story.swift; sourceTree = "<group>"; };
/* End PBXFileReference section */

/* Begin PBXFrameworksBuildPhase section */
		BB28CFC22A82582800F221CB /* Frameworks */ = {
			isa = PBXFrameworksBuildPhase;
			buildActionMask = 2147483647;
			files = (
			);
			runOnlyForDeploymentPostprocessing = 0;
		};
/* End PBXFrameworksBuildPhase section */

/* Begin PBXGroup section */
		BB28CFBC2A82582800F221CB = {
			isa = PBXGroup;
			children = (
				BB28CFC72A82582800F221CB /* InifiniteScroll */,
				BB28CFC62A82582800F221CB /* Products */,
			);
			sourceTree = "<group>";
		};
		BB28CFC62A82582800F221CB /* Products */ = {
			isa = PBXGroup;
			children = (
				BB28CFC52A82582800F221CB /* InifiniteScroll.app */,
			);
			name = Products;
			sourceTree = "<group>";
		};
		BB28CFC72A82582800F221CB /* InifiniteScroll */ = {
			isa = PBXGroup;
			children = (
				BB316B142A82591700D8852B /* Controllers */,
				BB28CFC82A82582800F221CB /* AppDelegate.swift */,
				BB28CFCA2A82582800F221CB /* SceneDelegate.swift */,
				BB28CFCC2A82582800F221CB /* MainTabBarViewController.swift */,
				BB316B1D2A825BA500D8852B /* Story.swift */,
				BB0660E72A825BEA0099672B /* APICaller.swift */,
				BB28CFD12A82582900F221CB /* Assets.xcassets */,
				BB28CFD32A82582900F221CB /* LaunchScreen.storyboard */,
				BB28CFD62A82582900F221CB /* Info.plist */,
			);
			path = InifiniteScroll;
			sourceTree = "<group>";
		};
		BB316B142A82591700D8852B /* Controllers */ = {
			isa = PBXGroup;
			children = (
				BB316B152A82592E00D8852B /* TopViewController.swift */,
				BB0660E92A8273B40099672B /* DetailViewController.swift */,
				BB316B172A82593800D8852B /* AskViewController.swift */,
			);
			path = Controllers;
			sourceTree = "<group>";
		};
/* End PBXGroup section */

/* Begin PBXNativeTarget section */
		BB28CFC42A82582800F221CB /* InifiniteScroll */ = {
			isa = PBXNativeTarget;
			buildConfigurationList = BB28CFD92A82582900F221CB /* Build configuration list for PBXNativeTarget "InifiniteScroll" */;
			buildPhases = (
				BB28CFC12A82582800F221CB /* Sources */,
				BB28CFC22A82582800F221CB /* Frameworks */,
				BB28CFC32A82582800F221CB /* Resources */,
			);
			buildRules = (
			);
			dependencies = (
			);
			name = InifiniteScroll;
			productName = InifiniteScroll;
			productReference = BB28CFC52A82582800F221CB /* InifiniteScroll.app */;
			productType = "com.apple.product-type.application";
		};
/* End PBXNativeTarget section */

/* Begin PBXProject section */
		BB28CFBD2A82582800F221CB /* Project object */ = {
			isa = PBXProject;
			attributes = {
				BuildIndependentTargetsInParallel = 1;
				LastSwiftUpdateCheck = 1430;
				LastUpgradeCheck = 1430;
				TargetAttributes = {
					BB28CFC42A82582800F221CB = {
						CreatedOnToolsVersion = 14.3.1;
					};
				};
			};
			buildConfigurationList = BB28CFC02A82582800F221CB /* Build configuration list for PBXProject "InifiniteScroll" */;
			compatibilityVersion = "Xcode 14.0";
			developmentRegion = en;
			hasScannedForEncodings = 0;
			knownRegions = (
				en,
				Base,
			);
			mainGroup = BB28CFBC2A82582800F221CB;
			productRefGroup = BB28CFC62A82582800F221CB /* Products */;
			projectDirPath = "";
			projectRoot = "";
			targets = (
				BB28CFC42A82582800F221CB /* InifiniteScroll */,
			);
		};
/* End PBXProject section */

/* Begin PBXResourcesBuildPhase section */
		BB28CFC32A82582800F221CB /* Resources */ = {
			isa = PBXResourcesBuildPhase;
			buildActionMask = 2147483647;
			files = (
				BB28CFD52A82582900F221CB /* LaunchScreen.storyboard in Resources */,
				BB28CFD22A82582900F221CB /* Assets.xcassets in Resources */,
			);
			runOnlyForDeploymentPostprocessing = 0;
		};
/* End PBXResourcesBuildPhase section */

/* Begin PBXSourcesBuildPhase section */
		BB28CFC12A82582800F221CB /* Sources */ = {
			isa = PBXSourcesBuildPhase;
			buildActionMask = 2147483647;
			files = (
				BB316B162A82592E00D8852B /* TopViewController.swift in Sources */,
				BB28CFCD2A82582800F221CB /* MainTabBarViewController.swift in Sources */,
				BB28CFC92A82582800F221CB /* AppDelegate.swift in Sources */,
				BB0660E82A825BEA0099672B /* APICaller.swift in Sources */,
				BB316B182A82593800D8852B /* AskViewController.swift in Sources */,
				BB28CFCB2A82582800F221CB /* SceneDelegate.swift in Sources */,
				BB0660EA2A8273B40099672B /* DetailViewController.swift in Sources */,
				BB316B1E2A825BA500D8852B /* Story.swift in Sources */,
			);
			runOnlyForDeploymentPostprocessing = 0;
		};
/* End PBXSourcesBuildPhase section */

/* Begin PBXVariantGroup section */
		BB28CFD32A82582900F221CB /* LaunchScreen.storyboard */ = {
			isa = PBXVariantGroup;
			children = (
				BB28CFD42A82582900F221CB /* Base */,
			);
			name = LaunchScreen.storyboard;
			sourceTree = "<group>";
		};
/* End PBXVariantGroup section */

/* Begin XCBuildConfiguration section */
		BB28CFD72A82582900F221CB /* Debug */ = {
			isa = XCBuildConfiguration;
			buildSettings = {
				ALWAYS_SEARCH_USER_PATHS = NO;
				CLANG_ANALYZER_NONNULL = YES;
				CLANG_ANALYZER_NUMBER_OBJECT_CONVERSION = YES_AGGRESSIVE;
				CLANG_CXX_LANGUAGE_STANDARD = "gnu++20";
				CLANG_ENABLE_MODULES = YES;
				CLANG_ENABLE_OBJC_ARC = YES;
				CLANG_ENABLE_OBJC_WEAK = YES;
				CLANG_WARN_BLOCK_CAPTURE_AUTORELEASING = YES;
				CLANG_WARN_BOOL_CONVERSION = YES;
				CLANG_WARN_COMMA = YES;
				CLANG_WARN_CONSTANT_CONVERSION = YES;
				CLANG_WARN_DEPRECATED_OBJC_IMPLEMENTATIONS = YES;
				CLANG_WARN_DIRECT_OBJC_ISA_USAGE = YES_ERROR;
				CLANG_WARN_DOCUMENTATION_COMMENTS = YES;
				CLANG_WARN_EMPTY_BODY = YES;
				CLANG_WARN_ENUM_CONVERSION = YES;
				CLANG_WARN_INFINITE_RECURSION = YES;
				CLANG_WARN_INT_CONVERSION = YES;
				CLANG_WARN_NON_LITERAL_NULL_CONVERSION = YES;
				CLANG_WARN_OBJC_IMPLICIT_RETAIN_SELF = YES;
				CLANG_WARN_OBJC_LITERAL_CONVERSION = YES;
				CLANG_WARN_OBJC_ROOT_CLASS = YES_ERROR;
				CLANG_WARN_QUOTED_INCLUDE_IN_FRAMEWORK_HEADER = YES;
				CLANG_WARN_RANGE_LOOP_ANALYSIS = YES;
				CLANG_WARN_STRICT_PROTOTYPES = YES;
				CLANG_WARN_SUSPICIOUS_MOVE = YES;
				CLANG_WARN_UNGUARDED_AVAILABILITY = YES_AGGRESSIVE;
				CLANG_WARN_UNREACHABLE_CODE = YES;
				CLANG_WARN__DUPLICATE_METHOD_MATCH = YES;
				COPY_PHASE_STRIP = NO;
				DEBUG_INFORMATION_FORMAT = dwarf;
				ENABLE_STRICT_OBJC_MSGSEND = YES;
				ENABLE_TESTABILITY = YES;
				GCC_C_LANGUAGE_STANDARD = gnu11;
				GCC_DYNAMIC_NO_PIC = NO;
				GCC_NO_COMMON_BLOCKS = YES;
				GCC_OPTIMIZATION_LEVEL = 0;
				GCC_PREPROCESSOR_DEFINITIONS = (
					"DEBUG=1",
					"$(inherited)",
				);
				GCC_WARN_64_TO_32_BIT_CONVERSION = YES;
				GCC_WARN_ABOUT_RETURN_TYPE = YES_ERROR;
				GCC_WARN_UNDECLARED_SELECTOR = YES;
				GCC_WARN_UNINITIALIZED_AUTOS = YES_AGGRESSIVE;
				GCC_WARN_UNUSED_FUNCTION = YES;
				GCC_WARN_UNUSED_VARIABLE = YES;
				IPHONEOS_DEPLOYMENT_TARGET = 16.4;
				MTL_ENABLE_DEBUG_INFO = INCLUDE_SOURCE;
				MTL_FAST_MATH = YES;
				ONLY_ACTIVE_ARCH = YES;
				SDKROOT = iphoneos;
				SWIFT_ACTIVE_COMPILATION_CONDITIONS = DEBUG;
				SWIFT_OPTIMIZATION_LEVEL = "-Onone";
			};
			name = Debug;
		};
		BB28CFD82A82582900F221CB /* Release */ = {
			isa = XCBuildConfiguration;
			buildSettings = {
				ALWAYS_SEARCH_USER_PATHS = NO;
				CLANG_ANALYZER_NONNULL = YES;
				CLANG_ANALYZER_NUMBER_OBJECT_CONVERSION = YES_AGGRESSIVE;
				CLANG_CXX_LANGUAGE_STANDARD = "gnu++20";
				CLANG_ENABLE_MODULES = YES;
				CLANG_ENABLE_OBJC_ARC = YES;
				CLANG_ENABLE_OBJC_WEAK = YES;
				CLANG_WARN_BLOCK_CAPTURE_AUTORELEASING = YES;
				CLANG_WARN_BOOL_CONVERSION = YES;
				CLANG_WARN_COMMA = YES;
				CLANG_WARN_CONSTANT_CONVERSION = YES;
				CLANG_WARN_DEPRECATED_OBJC_IMPLEMENTATIONS = YES;
				CLANG_WARN_DIRECT_OBJC_ISA_USAGE = YES_ERROR;
				CLANG_WARN_DOCUMENTATION_COMMENTS = YES;
				CLANG_WARN_EMPTY_BODY = YES;
				CLANG_WARN_ENUM_CONVERSION = YES;
				CLANG_WARN_INFINITE_RECURSION = YES;
				CLANG_WARN_INT_CONVERSION = YES;
				CLANG_WARN_NON_LITERAL_NULL_CONVERSION = YES;
				CLANG_WARN_OBJC_IMPLICIT_RETAIN_SELF = YES;
				CLANG_WARN_OBJC_LITERAL_CONVERSION = YES;
				CLANG_WARN_OBJC_ROOT_CLASS = YES_ERROR;
				CLANG_WARN_QUOTED_INCLUDE_IN_FRAMEWORK_HEADER = YES;
				CLANG_WARN_RANGE_LOOP_ANALYSIS = YES;
				CLANG_WARN_STRICT_PROTOTYPES = YES;
				CLANG_WARN_SUSPICIOUS_MOVE = YES;
				CLANG_WARN_UNGUARDED_AVAILABILITY = YES_AGGRESSIVE;
				CLANG_WARN_UNREACHABLE_CODE = YES;
				CLANG_WARN__DUPLICATE_METHOD_MATCH = YES;
				COPY_PHASE_STRIP = NO;
				DEBUG_INFORMATION_FORMAT = "dwarf-with-dsym";
				ENABLE_NS_ASSERTIONS = NO;
				ENABLE_STRICT_OBJC_MSGSEND = YES;
				GCC_C_LANGUAGE_STANDARD = gnu11;
				GCC_NO_COMMON_BLOCKS = YES;
				GCC_WARN_64_TO_32_BIT_CONVERSION = YES;
				GCC_WARN_ABOUT_RETURN_TYPE = YES_ERROR;
				GCC_WARN_UNDECLARED_SELECTOR = YES;
				GCC_WARN_UNINITIALIZED_AUTOS = YES_AGGRESSIVE;
				GCC_WARN_UNUSED_FUNCTION = YES;
				GCC_WARN_UNUSED_VARIABLE = YES;
				IPHONEOS_DEPLOYMENT_TARGET = 16.4;
				MTL_ENABLE_DEBUG_INFO = NO;
				MTL_FAST_MATH = YES;
				SDKROOT = iphoneos;
				SWIFT_COMPILATION_MODE = wholemodule;
				SWIFT_OPTIMIZATION_LEVEL = "-O";
				VALIDATE_PRODUCT = YES;
			};
			name = Release;
		};
		BB28CFDA2A82582900F221CB /* Debug */ = {
			isa = XCBuildConfiguration;
			buildSettings = {
				ASSETCATALOG_COMPILER_APPICON_NAME = AppIcon;
				ASSETCATALOG_COMPILER_GLOBAL_ACCENT_COLOR_NAME = AccentColor;
				CODE_SIGN_STYLE = Automatic;
				CURRENT_PROJECT_VERSION = 1;
				DEVELOPMENT_TEAM = SF69972TN6;
				GENERATE_INFOPLIST_FILE = YES;
				INFOPLIST_FILE = InifiniteScroll/Info.plist;
				INFOPLIST_KEY_UIApplicationSupportsIndirectInputEvents = YES;
				INFOPLIST_KEY_UILaunchStoryboardName = LaunchScreen;
				INFOPLIST_KEY_UISupportedInterfaceOrientations_iPad = "UIInterfaceOrientationPortrait UIInterfaceOrientationPortraitUpsideDown UIInterfaceOrientationLandscapeLeft UIInterfaceOrientationLandscapeRight";
				INFOPLIST_KEY_UISupportedInterfaceOrientations_iPhone = "UIInterfaceOrientationPortrait UIInterfaceOrientationLandscapeLeft UIInterfaceOrientationLandscapeRight";
				LD_RUNPATH_SEARCH_PATHS = (
					"$(inherited)",
					"@executable_path/Frameworks",
				);
				MARKETING_VERSION = 1.0;
				PRODUCT_BUNDLE_IDENTIFIER = com.smk.InifiniteScroll;
				PRODUCT_NAME = "$(TARGET_NAME)";
				SWIFT_EMIT_LOC_STRINGS = YES;
				SWIFT_VERSION = 5.0;
				TARGETED_DEVICE_FAMILY = "1,2";
			};
			name = Debug;
		};
		BB28CFDB2A82582900F221CB /* Release */ = {
			isa = XCBuildConfiguration;
			buildSettings = {
				ASSETCATALOG_COMPILER_APPICON_NAME = AppIcon;
				ASSETCATALOG_COMPILER_GLOBAL_ACCENT_COLOR_NAME = AccentColor;
				CODE_SIGN_STYLE = Automatic;
				CURRENT_PROJECT_VERSION = 1;
				DEVELOPMENT_TEAM = SF69972TN6;
				GENERATE_INFOPLIST_FILE = YES;
				INFOPLIST_FILE = InifiniteScroll/Info.plist;
				INFOPLIST_KEY_UIApplicationSupportsIndirectInputEvents = YES;
				INFOPLIST_KEY_UILaunchStoryboardName = LaunchScreen;
				INFOPLIST_KEY_UISupportedInterfaceOrientations_iPad = "UIInterfaceOrientationPortrait UIInterfaceOrientationPortraitUpsideDown UIInterfaceOrientationLandscapeLeft UIInterfaceOrientationLandscapeRight";
				INFOPLIST_KEY_UISupportedInterfaceOrientations_iPhone = "UIInterfaceOrientationPortrait UIInterfaceOrientationLandscapeLeft UIInterfaceOrientationLandscapeRight";
				LD_RUNPATH_SEARCH_PATHS = (
					"$(inherited)",
					"@executable_path/Frameworks",
				);
				MARKETING_VERSION = 1.0;
				PRODUCT_BUNDLE_IDENTIFIER = com.smk.InifiniteScroll;
				PRODUCT_NAME = "$(TARGET_NAME)";
				SWIFT_EMIT_LOC_STRINGS = YES;
				SWIFT_VERSION = 5.0;
				TARGETED_DEVICE_FAMILY = "1,2";
			};
			name = Release;
		};
/* End XCBuildConfiguration section */

/* Begin XCConfigurationList section */
		BB28CFC02A82582800F221CB /* Build configuration list for PBXProject "InifiniteScroll" */ = {
			isa = XCConfigurationList;
			buildConfigurations = (
				BB28CFD72A82582900F221CB /* Debug */,
				BB28CFD82A82582900F221CB /* Release */,
			);
			defaultConfigurationIsVisible = 0;
			defaultConfigurationName = Release;
		};
		BB28CFD92A82582900F221CB /* Build configuration list for PBXNativeTarget "InifiniteScroll" */ = {
			isa = XCConfigurationList;
			buildConfigurations = (
				BB28CFDA2A82582900F221CB /* Debug */,
				BB28CFDB2A82582900F221CB /* Release */,
			);
			defaultConfigurationIsVisible = 0;
			defaultConfigurationName = Release;
		};
/* End XCConfigurationList section */
	};
	rootObject = BB28CFBD2A82582800F221CB /* Project object */;
}
